# This file is automatically @generated by Cargo.
# It is not intended for manual editing.
version = 3

[[package]]
name = "aho-corasick"
version = "0.7.18"
source = "registry+https://github.com/rust-lang/crates.io-index"
checksum = "1e37cfd5e7657ada45f742d6e99ca5788580b5c529dc78faf11ece6dc702656f"
dependencies = [
 "memchr",
]

[[package]]
name = "anyhow"
version = "1.0.53"
source = "registry+https://github.com/rust-lang/crates.io-index"
checksum = "94a45b455c14666b85fc40a019e8ab9eb75e3a124e05494f5397122bc9eb06e0"

[[package]]
name = "atty"
version = "0.2.14"
source = "registry+https://github.com/rust-lang/crates.io-index"
checksum = "d9b39be18770d11421cdb1b9947a45dd3f37e93092cbf377614828a319d5fee8"
dependencies = [
 "hermit-abi",
 "libc",
 "winapi",
]

[[package]]
name = "bytes"
version = "1.1.0"
source = "registry+https://github.com/rust-lang/crates.io-index"
checksum = "c4872d67bab6358e59559027aa3b9157c53d9358c51423c17554809a8858e0f8"

[[package]]
name = "cfg-if"
version = "1.0.0"
source = "registry+https://github.com/rust-lang/crates.io-index"
checksum = "baf1de4339761588bc0619e3cbc0120ee582ebb74b53b4efbf79117bd2da40fd"

[[package]]
name = "env_logger"
version = "0.9.0"
source = "registry+https://github.com/rust-lang/crates.io-index"
checksum = "0b2cf0344971ee6c64c31be0d530793fba457d322dfec2810c453d0ef228f9c3"
dependencies = [
 "atty",
 "humantime",
 "log",
 "regex",
 "termcolor",
]

[[package]]
name = "hermit-abi"
version = "0.1.19"
source = "registry+https://github.com/rust-lang/crates.io-index"
checksum = "62b467343b94ba476dcb2500d242dadbb39557df889310ac77c5d99100aaac33"
dependencies = [
 "libc",
]

[[package]]
name = "humantime"
version = "2.1.0"
source = "registry+https://github.com/rust-lang/crates.io-index"
checksum = "9a3a5bfb195931eeb336b2a7b4d761daec841b97f947d34394601737a7bba5e4"

[[package]]
name = "itoa"
version = "1.0.1"
source = "registry+https://github.com/rust-lang/crates.io-index"
checksum = "1aab8fc367588b89dcee83ab0fd66b72b50b72fa1904d7095045ace2b0c81c35"

[[package]]
name = "libc"
version = "0.2.115"
source = "registry+https://github.com/rust-lang/crates.io-index"
checksum = "0a8d982fa7a96a000f6ec4cfe966de9703eccde29750df2bb8949da91b0e818d"

[[package]]
name = "log"
version = "0.4.14"
source = "registry+https://github.com/rust-lang/crates.io-index"
checksum = "51b9bbe6c47d51fc3e1a9b945965946b4c44142ab8792c50835a980d362c2710"
dependencies = [
 "cfg-if",
]

[[package]]
name = "memchr"
version = "2.4.1"
source = "registry+https://github.com/rust-lang/crates.io-index"
checksum = "308cc39be01b73d0d18f82a0e7b2a3df85245f84af96fdddc5d202d27e47b86a"

[[package]]
name = "mio"
version = "0.7.14"
source = "registry+https://github.com/rust-lang/crates.io-index"
checksum = "8067b404fe97c70829f082dec8bcf4f71225d7eaea1d8645349cb76fa06205cc"
dependencies = [
 "libc",
 "log",
 "miow",
 "ntapi",
 "winapi",
]

[[package]]
name = "miow"
version = "0.3.7"
source = "registry+https://github.com/rust-lang/crates.io-index"
checksum = "b9f1c5b025cda876f66ef43a113f91ebc9f4ccef34843000e0adf6ebbab84e21"
dependencies = [
 "winapi",
]

[[package]]
name = "ntapi"
version = "0.3.6"
source = "registry+https://github.com/rust-lang/crates.io-index"
checksum = "3f6bb902e437b6d86e03cce10a7e2af662292c5dfef23b65899ea3ac9354ad44"
dependencies = [
 "winapi",
]

[[package]]
name = "num_cpus"
version = "1.13.1"
source = "registry+https://github.com/rust-lang/crates.io-index"
checksum = "19e64526ebdee182341572e50e9ad03965aa510cd94427a4549448f285e957a1"
dependencies = [
 "hermit-abi",
 "libc",
]

[[package]]
name = "once_cell"
version = "1.9.0"
source = "registry+https://github.com/rust-lang/crates.io-index"
checksum = "da32515d9f6e6e489d7bc9d84c71b060db7247dc035bbe44eac88cf87486d8d5"

[[package]]
name = "pin-project-lite"
version = "0.2.8"
source = "registry+https://github.com/rust-lang/crates.io-index"
checksum = "e280fbe77cc62c91527259e9442153f4688736748d24660126286329742b4c6c"

[[package]]
name = "proc-macro2"
version = "1.0.36"
source = "registry+https://github.com/rust-lang/crates.io-index"
checksum = "c7342d5883fbccae1cc37a2353b09c87c9b0f3afd73f5fb9bba687a1f733b029"
dependencies = [
 "unicode-xid",
]

[[package]]
name = "quote"
version = "1.0.15"
source = "registry+https://github.com/rust-lang/crates.io-index"
checksum = "864d3e96a899863136fc6e99f3d7cae289dafe43bf2c5ac19b70df7210c0a145"
dependencies = [
 "proc-macro2",
]

[[package]]
name = "ra-multiplex"
version = "0.1.2"
dependencies = [
 "anyhow",
 "env_logger",
 "log",
 "serde",
 "serde_json",
 "tokio",
]

[[package]]
name = "regex"
version = "1.5.4"
source = "registry+https://github.com/rust-lang/crates.io-index"
checksum = "d07a8629359eb56f1e2fb1652bb04212c072a87ba68546a04065d525673ac461"
dependencies = [
 "aho-corasick",
 "memchr",
 "regex-syntax",
]

[[package]]
name = "regex-syntax"
version = "0.6.25"
source = "registry+https://github.com/rust-lang/crates.io-index"
checksum = "f497285884f3fcff424ffc933e56d7cbca511def0c9831a7f9b5f6153e3cc89b"

[[package]]
name = "ryu"
version = "1.0.9"
source = "registry+https://github.com/rust-lang/crates.io-index"
checksum = "73b4b750c782965c211b42f022f59af1fbceabdd026623714f104152f1ec149f"

[[package]]
name = "serde"
version = "1.0.136"
source = "registry+https://github.com/rust-lang/crates.io-index"
checksum = "ce31e24b01e1e524df96f1c2fdd054405f8d7376249a5110886fb4b658484789"
dependencies = [
 "serde_derive",
]

[[package]]
name = "serde_derive"
version = "1.0.136"
source = "registry+https://github.com/rust-lang/crates.io-index"
checksum = "08597e7152fcd306f41838ed3e37be9eaeed2b61c42e2117266a554fab4662f9"
dependencies = [
 "proc-macro2",
 "quote",
 "syn",
]

[[package]]
name = "serde_json"
version = "1.0.78"
source = "registry+https://github.com/rust-lang/crates.io-index"
checksum = "d23c1ba4cf0efd44be32017709280b32d1cea5c3f1275c3b6d9e8bc54f758085"
dependencies = [
 "itoa",
 "ryu",
 "serde",
]

[[package]]
name = "signal-hook-registry"
version = "1.4.0"
source = "registry+https://github.com/rust-lang/crates.io-index"
checksum = "e51e73328dc4ac0c7ccbda3a494dfa03df1de2f46018127f60c693f2648455b0"
dependencies = [
 "libc",
]

[[package]]
name = "syn"
version = "1.0.86"
source = "registry+https://github.com/rust-lang/crates.io-index"
checksum = "8a65b3f4ffa0092e9887669db0eae07941f023991ab58ea44da8fe8e2d511c6b"
dependencies = [
 "proc-macro2",
 "quote",
 "unicode-xid",
]

[[package]]
name = "termcolor"
version = "1.1.2"
source = "registry+https://github.com/rust-lang/crates.io-index"
checksum = "2dfed899f0eb03f32ee8c6a0aabdb8a7949659e3466561fc0adf54e26d88c5f4"
dependencies = [
 "winapi-util",
]

[[package]]
name = "tokio"
version = "1.15.0"
source = "registry+https://github.com/rust-lang/crates.io-index"
checksum = "fbbf1c778ec206785635ce8ad57fe52b3009ae9e0c9f574a728f3049d3e55838"
dependencies = [
 "bytes",
 "libc",
 "memchr",
 "mio",
 "num_cpus",
 "once_cell",
 "pin-project-lite",
 "signal-hook-registry",
 "tokio-macros",
 "winapi",
]

[[package]]
name = "tokio-macros"
version = "1.7.0"
source = "registry+https://github.com/rust-lang/crates.io-index"
checksum = "b557f72f448c511a979e2564e55d74e6c4432fc96ff4f6241bc6bded342643b7"
dependencies = [
 "proc-macro2",
 "quote",
 "syn",
]

[[package]]
name = "unicode-xid"
version = "0.2.2"
source = "registry+https://github.com/rust-lang/crates.io-index"
checksum = "8ccb82d61f80a663efe1f787a51b16b5a51e3314d6ac365b08639f52387b33f3"

[[package]]
name = "winapi"
version = "0.3.9"
source = "registry+https://github.com/rust-lang/crates.io-index"
checksum = "5c839a674fcd7a98952e593242ea400abe93992746761e38641405d28b00f419"
dependencies = [
 "winapi-i686-pc-windows-gnu",
 "winapi-x86_64-pc-windows-gnu",
]

[[package]]
name = "winapi-i686-pc-windows-gnu"
version = "0.4.0"
source = "registry+https://github.com/rust-lang/crates.io-index"
checksum = "ac3b87c63620426dd9b991e5ce0329eff545bccbbb34f3be09ff6fb6ab51b7b6"

[[package]]
name = "winapi-util"
version = "0.1.5"
source = "registry+https://github.com/rust-lang/crates.io-index"
checksum = "70ec6ce85bb158151cae5e5c87f95a8e97d2c0c4b001223f33a334e3ce5de178"
dependencies = [
 "winapi",
]

[[package]]
name = "winapi-x86_64-pc-windows-gnu"
version = "0.4.0"
source = "registry+https://github.com/rust-lang/crates.io-index"
checksum = "712e227841d057c1ee1cd2fb22fa7e5a5461ae8e48fa2ca79ec42cfc1931183f"
